// !$*UTF8*$!
{
	archiveVersion = 1;
	classes = {
	};
	objectVersion = 56;
	objects = {

/* Begin PBXBuildFile section */
		0F066A832D1FF4E90022A33C /* View+Extensions.swift in Sources */ = {isa = PBXBuildFile; fileRef = 0F066A822D1FF4E80022A33C /* View+Extensions.swift */; };
		0F066B022D2005700022A33C /* String+Extensions.swift in Sources */ = {isa = PBXBuildFile; fileRef = 0F066B012D20056A0022A33C /* String+Extensions.swift */; };
		0F0B07062EA56DCF00C20851 /* WorkListView.swift in Sources */ = {isa = PBXBuildFile; fileRef = 0F0B07052EA56DCF00C20851 /* WorkListView.swift */; };
		0F0B07082EA57DB700C20851 /* ProductDetailView.swift in Sources */ = {isa = PBXBuildFile; fileRef = 0F0B07072EA57DB700C20851 /* ProductDetailView.swift */; };
		0F0B070A2EA5825900C20851 /* OldPricesListView.swift in Sources */ = {isa = PBXBuildFile; fileRef = 0F0B07092EA5825900C20851 /* OldPricesListView.swift */; };
		0F0B070C2EA582AF00C20851 /* OldPricesCard.swift in Sources */ = {isa = PBXBuildFile; fileRef = 0F0B070B2EA582AF00C20851 /* OldPricesCard.swift */; };
		0F0B070E2EA582DF00C20851 /* StatementCard.swift in Sources */ = {isa = PBXBuildFile; fileRef = 0F0B070D2EA582DF00C20851 /* StatementCard.swift */; };
		0F0B1F9D2CC856E90088C18F /* NavigationButton.swift in Sources */ = {isa = PBXBuildFile; fileRef = 0F0B1F9C2CC856E90088C18F /* NavigationButton.swift */; };
		0F1705502CEC4CF8002FFD19 /* BaseList.swift in Sources */ = {isa = PBXBuildFile; fileRef = 0F17054F2CEC4CF8002FFD19 /* BaseList.swift */; };
		0F2165422D25D580002726CD /* RoundedCorner.swift in Sources */ = {isa = PBXBuildFile; fileRef = 0F2165412D25D57D002726CD /* RoundedCorner.swift */; };
		0F2165442D25D70C002726CD /* Date+Extensions.swift in Sources */ = {isa = PBXBuildFile; fileRef = 0F2165432D25D701002726CD /* Date+Extensions.swift */; };
		0F2760072C52D1FB00C87159 /* CustomPlaceHolder.swift in Sources */ = {isa = PBXBuildFile; fileRef = 0F2760062C52D1FB00C87159 /* CustomPlaceHolder.swift */; };
		0F2760092C52E4F600C87159 /* BasicEntry.swift in Sources */ = {isa = PBXBuildFile; fileRef = 0F2760082C52E4F600C87159 /* BasicEntry.swift */; };
		0F2D1C052CCE0DA1002C9715 /* CurrentView.swift in Sources */ = {isa = PBXBuildFile; fileRef = 0F2D1C042CCE0DA1002C9715 /* CurrentView.swift */; };
		0F2D1C072CCE0DDB002C9715 /* SupplierView.swift in Sources */ = {isa = PBXBuildFile; fileRef = 0F2D1C062CCE0DDB002C9715 /* SupplierView.swift */; };
		0F2D1C0D2CCE1A32002C9715 /* Tracking.swift in Sources */ = {isa = PBXBuildFile; fileRef = 0F2D1C0C2CCE1A32002C9715 /* Tracking.swift */; };
		0F32DF2E2CA8C36300090277 /* CompanyCard.swift in Sources */ = {isa = PBXBuildFile; fileRef = 0F32DF2D2CA8C36300090277 /* CompanyCard.swift */; };
		0F3360DE2C67E91900D53A7D /* ProductCard.swift in Sources */ = {isa = PBXBuildFile; fileRef = 0F3360DD2C67E91900D53A7D /* ProductCard.swift */; };
		0F34B1212CCCC49900A7A6F5 /* CustomDatePicker.swift in Sources */ = {isa = PBXBuildFile; fileRef = 0F34B1202CCCC49800A7A6F5 /* CustomDatePicker.swift */; };
		0F3CB7902C8DE65000CC8717 /* MainViewModel.swift in Sources */ = {isa = PBXBuildFile; fileRef = 0F3CB78F2C8DE65000CC8717 /* MainViewModel.swift */; };
		0F423A8D2C58027000B78DC3 /* PhonePickerView.swift in Sources */ = {isa = PBXBuildFile; fileRef = 0F423A8C2C58027000B78DC3 /* PhonePickerView.swift */; };
		0F44AD2D2CBEEE0E00825352 /* FirebaseAuth in Frameworks */ = {isa = PBXBuildFile; productRef = 0F44AD2C2CBEEE0E00825352 /* FirebaseAuth */; };
		0F44AD2F2CBEEE0E00825352 /* FirebaseFirestore in Frameworks */ = {isa = PBXBuildFile; productRef = 0F44AD2E2CBEEE0E00825352 /* FirebaseFirestore */; };
		0F465F692CF1B59B00E31FB0 /* CompanyEntryView.swift in Sources */ = {isa = PBXBuildFile; fileRef = 0F465F682CF1B59B00E31FB0 /* CompanyEntryView.swift */; };
		0F465F6D2CF1B90D00E31FB0 /* Work.swift in Sources */ = {isa = PBXBuildFile; fileRef = 0F465F6C2CF1B90D00E31FB0 /* Work.swift */; };
		0F465F712CF1B95500E31FB0 /* Product.swift in Sources */ = {isa = PBXBuildFile; fileRef = 0F465F702CF1B95500E31FB0 /* Product.swift */; };
		0F465F732CF1B96C00E31FB0 /* Statement.swift in Sources */ = {isa = PBXBuildFile; fileRef = 0F465F722CF1B96C00E31FB0 /* Statement.swift */; };
		0F465F752CF229A100E31FB0 /* WorkEntryView.swift in Sources */ = {isa = PBXBuildFile; fileRef = 0F465F742CF229A100E31FB0 /* WorkEntryView.swift */; };
		0F4922B12CA0144000E04189 /* WorkDetailView.swift in Sources */ = {isa = PBXBuildFile; fileRef = 0F4922B02CA0144000E04189 /* WorkDetailView.swift */; };
		0F4DAFB62D4E10B300ED8D3E /* StatementEntryView.swift in Sources */ = {isa = PBXBuildFile; fileRef = 0F4DAFB52D4E10B300ED8D3E /* StatementEntryView.swift */; };
		0F4DAFB82D4E3BBC00ED8D3E /* ProductEntryView.swift in Sources */ = {isa = PBXBuildFile; fileRef = 0F4DAFB72D4E3BBC00ED8D3E /* ProductEntryView.swift */; };
		0F9075262D4E408200D5C2EA /* ProductListView.swift in Sources */ = {isa = PBXBuildFile; fileRef = 0F9075252D4E408200D5C2EA /* ProductListView.swift */; };
		0FA6EBF82D3B013900652EDB /* StatementListView.swift in Sources */ = {isa = PBXBuildFile; fileRef = 0FA6EBF72D3B013900652EDB /* StatementListView.swift */; };
		0FAABE192C66BCBC008CCC51 /* Extentions.swift in Sources */ = {isa = PBXBuildFile; fileRef = 0FAABE182C66BCBC008CCC51 /* Extentions.swift */; };
		0FB412CC2E9847BB0087D892 /* DebtView.swift in Sources */ = {isa = PBXBuildFile; fileRef = 0FB412CB2E9847BB0087D892 /* DebtView.swift */; };
		0FDE48072D2028B60092857F /* SwipeAction.swift in Sources */ = {isa = PBXBuildFile; fileRef = 0FDE48062D2028B60092857F /* SwipeAction.swift */; };
		0FE51EE72C4AEC7100239081 /* EntryView.swift in Sources */ = {isa = PBXBuildFile; fileRef = 0FE51EE62C4AEC7000239081 /* EntryView.swift */; };
		0FE51EEA2C4AECCA00239081 /* UserConnection.swift in Sources */ = {isa = PBXBuildFile; fileRef = 0FE51EE92C4AECCA00239081 /* UserConnection.swift */; };
		0FE51EEC2C4AED6A00239081 /* EntryViewModel.swift in Sources */ = {isa = PBXBuildFile; fileRef = 0FE51EEB2C4AED6A00239081 /* EntryViewModel.swift */; };
		0FE51EEE2C4AEE3D00239081 /* CustomTabBar.swift in Sources */ = {isa = PBXBuildFile; fileRef = 0FE51EED2C4AEE3D00239081 /* CustomTabBar.swift */; };
		0FEA3E692D3855DD00865284 /* Double+Extensions.swift in Sources */ = {isa = PBXBuildFile; fileRef = 0FEA3E682D3855DA00865284 /* Double+Extensions.swift */; };
		8834CC222B7F885800EB416A /* ChartCard.swift in Sources */ = {isa = PBXBuildFile; fileRef = 8834CC212B7F885800EB416A /* ChartCard.swift */; };
		884C02A32B98386C00D695D7 /* RejectedView.swift in Sources */ = {isa = PBXBuildFile; fileRef = 884C02A22B98386C00D695D7 /* RejectedView.swift */; };
		884C02A52B98398B00D695D7 /* FinishedBidView.swift in Sources */ = {isa = PBXBuildFile; fileRef = 884C02A42B98398B00D695D7 /* FinishedBidView.swift */; };
		88734E4E2B72B31D00A1DB7F /* WorkCard.swift in Sources */ = {isa = PBXBuildFile; fileRef = 88734E4D2B72B31D00A1DB7F /* WorkCard.swift */; };
		8886C25C2B91303F0029A3AB /* FirebaseDataModel.swift in Sources */ = {isa = PBXBuildFile; fileRef = 8886C25B2B91303F0029A3AB /* FirebaseDataModel.swift */; };
		8886C2692B91AA9A0029A3AB /* GoogleService-Info.plist in Resources */ = {isa = PBXBuildFile; fileRef = 8886C2682B91AA9A0029A3AB /* GoogleService-Info.plist */; };
		8886C2C82B91CA2C0029A3AB /* Company.swift in Sources */ = {isa = PBXBuildFile; fileRef = 8886C2C72B91CA2C0029A3AB /* Company.swift */; };
		88B5A9892B7C814000B1B46D /* CompanyDetailView.swift in Sources */ = {isa = PBXBuildFile; fileRef = 88B5A9882B7C814000B1B46D /* CompanyDetailView.swift */; };
		88B687352B5A9DA900F49DA3 /* GulerGlobalApp.swift in Sources */ = {isa = PBXBuildFile; fileRef = 88B687342B5A9DA900F49DA3 /* GulerGlobalApp.swift */; };
		88B687372B5A9DA900F49DA3 /* ContentView.swift in Sources */ = {isa = PBXBuildFile; fileRef = 88B687362B5A9DA900F49DA3 /* ContentView.swift */; };
		88B6873B2B5A9DAA00F49DA3 /* Assets.xcassets in Resources */ = {isa = PBXBuildFile; fileRef = 88B6873A2B5A9DAA00F49DA3 /* Assets.xcassets */; };
		88B687532B5A9E9800F49DA3 /* BidView.swift in Sources */ = {isa = PBXBuildFile; fileRef = 88B687522B5A9E9800F49DA3 /* BidView.swift */; };
		88C5D5172B787DFE0053A660 /* CustomTextField.swift in Sources */ = {isa = PBXBuildFile; fileRef = 88C5D5162B787DFE0053A660 /* CustomTextField.swift */; };
		88FD26132B68C5F400EA5E71 /* HomeView.swift in Sources */ = {isa = PBXBuildFile; fileRef = 88FD26122B68C5F400EA5E71 /* HomeView.swift */; };
		88FD26152B68C60200EA5E71 /* ApprovedView.swift in Sources */ = {isa = PBXBuildFile; fileRef = 88FD26142B68C60200EA5E71 /* ApprovedView.swift */; };
		88FD26172B68C60C00EA5E71 /* ProfileView.swift in Sources */ = {isa = PBXBuildFile; fileRef = 88FD26162B68C60C00EA5E71 /* ProfileView.swift */; };
/* End PBXBuildFile section */

/* Begin PBXCopyFilesBuildPhase section */
		0F6AA17F2D01104E009889A1 /* Embed Foundation Extensions */ = {
			isa = PBXCopyFilesBuildPhase;
			buildActionMask = 2147483647;
			dstPath = "";
			dstSubfolderSpec = 13;
			files = (
			);
			name = "Embed Foundation Extensions";
			runOnlyForDeploymentPostprocessing = 0;
		};
/* End PBXCopyFilesBuildPhase section */

/* Begin PBXFileReference section */
		0F066A822D1FF4E80022A33C /* View+Extensions.swift */ = {isa = PBXFileReference; lastKnownFileType = sourcecode.swift; path = "View+Extensions.swift"; sourceTree = "<group>"; };
		0F066B012D20056A0022A33C /* String+Extensions.swift */ = {isa = PBXFileReference; lastKnownFileType = sourcecode.swift; path = "String+Extensions.swift"; sourceTree = "<group>"; };
		0F0B07052EA56DCF00C20851 /* WorkListView.swift */ = {isa = PBXFileReference; lastKnownFileType = sourcecode.swift; path = WorkListView.swift; sourceTree = "<group>"; };
		0F0B07072EA57DB700C20851 /* ProductDetailView.swift */ = {isa = PBXFileReference; lastKnownFileType = sourcecode.swift; path = ProductDetailView.swift; sourceTree = "<group>"; };
		0F0B07092EA5825900C20851 /* OldPricesListView.swift */ = {isa = PBXFileReference; lastKnownFileType = sourcecode.swift; path = OldPricesListView.swift; sourceTree = "<group>"; };
		0F0B070B2EA582AF00C20851 /* OldPricesCard.swift */ = {isa = PBXFileReference; lastKnownFileType = sourcecode.swift; path = OldPricesCard.swift; sourceTree = "<group>"; };
		0F0B070D2EA582DF00C20851 /* StatementCard.swift */ = {isa = PBXFileReference; lastKnownFileType = sourcecode.swift; path = StatementCard.swift; sourceTree = "<group>"; };
		0F0B1F9C2CC856E90088C18F /* NavigationButton.swift */ = {isa = PBXFileReference; lastKnownFileType = sourcecode.swift; path = NavigationButton.swift; sourceTree = "<group>"; };
		0F17054F2CEC4CF8002FFD19 /* BaseList.swift */ = {isa = PBXFileReference; lastKnownFileType = sourcecode.swift; path = BaseList.swift; sourceTree = "<group>"; };
		0F2165412D25D57D002726CD /* RoundedCorner.swift */ = {isa = PBXFileReference; lastKnownFileType = sourcecode.swift; path = RoundedCorner.swift; sourceTree = "<group>"; };
		0F2165432D25D701002726CD /* Date+Extensions.swift */ = {isa = PBXFileReference; lastKnownFileType = sourcecode.swift; path = "Date+Extensions.swift"; sourceTree = "<group>"; };
		0F2760062C52D1FB00C87159 /* CustomPlaceHolder.swift */ = {isa = PBXFileReference; lastKnownFileType = sourcecode.swift; path = CustomPlaceHolder.swift; sourceTree = "<group>"; };
		0F2760082C52E4F600C87159 /* BasicEntry.swift */ = {isa = PBXFileReference; lastKnownFileType = sourcecode.swift; path = BasicEntry.swift; sourceTree = "<group>"; };
		0F2D1C042CCE0DA1002C9715 /* CurrentView.swift */ = {isa = PBXFileReference; lastKnownFileType = sourcecode.swift; path = CurrentView.swift; sourceTree = "<group>"; };
		0F2D1C062CCE0DDB002C9715 /* SupplierView.swift */ = {isa = PBXFileReference; lastKnownFileType = sourcecode.swift; path = SupplierView.swift; sourceTree = "<group>"; };
		0F2D1C0C2CCE1A32002C9715 /* Tracking.swift */ = {isa = PBXFileReference; lastKnownFileType = sourcecode.swift; path = Tracking.swift; sourceTree = "<group>"; };
		0F32DF2D2CA8C36300090277 /* CompanyCard.swift */ = {isa = PBXFileReference; lastKnownFileType = sourcecode.swift; path = CompanyCard.swift; sourceTree = "<group>"; };
		0F3360DD2C67E91900D53A7D /* ProductCard.swift */ = {isa = PBXFileReference; lastKnownFileType = sourcecode.swift; path = ProductCard.swift; sourceTree = "<group>"; };
		0F34B1202CCCC49800A7A6F5 /* CustomDatePicker.swift */ = {isa = PBXFileReference; lastKnownFileType = sourcecode.swift; path = CustomDatePicker.swift; sourceTree = "<group>"; };
		0F3CB78F2C8DE65000CC8717 /* MainViewModel.swift */ = {isa = PBXFileReference; lastKnownFileType = sourcecode.swift; path = MainViewModel.swift; sourceTree = "<group>"; };
		0F423A8C2C58027000B78DC3 /* PhonePickerView.swift */ = {isa = PBXFileReference; lastKnownFileType = sourcecode.swift; path = PhonePickerView.swift; sourceTree = "<group>"; };
		0F465F682CF1B59B00E31FB0 /* CompanyEntryView.swift */ = {isa = PBXFileReference; lastKnownFileType = sourcecode.swift; path = CompanyEntryView.swift; sourceTree = "<group>"; };
		0F465F6C2CF1B90D00E31FB0 /* Work.swift */ = {isa = PBXFileReference; lastKnownFileType = sourcecode.swift; path = Work.swift; sourceTree = "<group>"; };
		0F465F702CF1B95500E31FB0 /* Product.swift */ = {isa = PBXFileReference; lastKnownFileType = sourcecode.swift; path = Product.swift; sourceTree = "<group>"; };
		0F465F722CF1B96C00E31FB0 /* Statement.swift */ = {isa = PBXFileReference; lastKnownFileType = sourcecode.swift; path = Statement.swift; sourceTree = "<group>"; };
		0F465F742CF229A100E31FB0 /* WorkEntryView.swift */ = {isa = PBXFileReference; lastKnownFileType = sourcecode.swift; path = WorkEntryView.swift; sourceTree = "<group>"; };
		0F4922B02CA0144000E04189 /* WorkDetailView.swift */ = {isa = PBXFileReference; lastKnownFileType = sourcecode.swift; path = WorkDetailView.swift; sourceTree = "<group>"; };
		0F4DAFB52D4E10B300ED8D3E /* StatementEntryView.swift */ = {isa = PBXFileReference; lastKnownFileType = sourcecode.swift; path = StatementEntryView.swift; sourceTree = "<group>"; };
		0F4DAFB72D4E3BBC00ED8D3E /* ProductEntryView.swift */ = {isa = PBXFileReference; lastKnownFileType = sourcecode.swift; path = ProductEntryView.swift; sourceTree = "<group>"; };
		0F9075252D4E408200D5C2EA /* ProductListView.swift */ = {isa = PBXFileReference; lastKnownFileType = sourcecode.swift; path = ProductListView.swift; sourceTree = "<group>"; };
		0FA6EBF72D3B013900652EDB /* StatementListView.swift */ = {isa = PBXFileReference; lastKnownFileType = sourcecode.swift; path = StatementListView.swift; sourceTree = "<group>"; };
		0FAABE182C66BCBC008CCC51 /* Extentions.swift */ = {isa = PBXFileReference; lastKnownFileType = sourcecode.swift; path = Extentions.swift; sourceTree = "<group>"; };
		0FB412CB2E9847BB0087D892 /* DebtView.swift */ = {isa = PBXFileReference; lastKnownFileType = sourcecode.swift; path = DebtView.swift; sourceTree = "<group>"; };
		0FBE522C2C5D563000D5C557 /* Info.plist */ = {isa = PBXFileReference; lastKnownFileType = text.plist.xml; path = Info.plist; sourceTree = "<group>"; };
		0FDE48062D2028B60092857F /* SwipeAction.swift */ = {isa = PBXFileReference; lastKnownFileType = sourcecode.swift; path = SwipeAction.swift; sourceTree = "<group>"; };
		0FE51EE62C4AEC7000239081 /* EntryView.swift */ = {isa = PBXFileReference; lastKnownFileType = sourcecode.swift; path = EntryView.swift; sourceTree = "<group>"; };
		0FE51EE92C4AECCA00239081 /* UserConnection.swift */ = {isa = PBXFileReference; lastKnownFileType = sourcecode.swift; path = UserConnection.swift; sourceTree = "<group>"; };
		0FE51EEB2C4AED6A00239081 /* EntryViewModel.swift */ = {isa = PBXFileReference; lastKnownFileType = sourcecode.swift; path = EntryViewModel.swift; sourceTree = "<group>"; };
		0FE51EED2C4AEE3D00239081 /* CustomTabBar.swift */ = {isa = PBXFileReference; lastKnownFileType = sourcecode.swift; path = CustomTabBar.swift; sourceTree = "<group>"; };
		0FEA3E682D3855DA00865284 /* Double+Extensions.swift */ = {isa = PBXFileReference; lastKnownFileType = sourcecode.swift; path = "Double+Extensions.swift"; sourceTree = "<group>"; };
		8834CC212B7F885800EB416A /* ChartCard.swift */ = {isa = PBXFileReference; lastKnownFileType = sourcecode.swift; path = ChartCard.swift; sourceTree = "<group>"; };
		884C02A22B98386C00D695D7 /* RejectedView.swift */ = {isa = PBXFileReference; lastKnownFileType = sourcecode.swift; path = RejectedView.swift; sourceTree = "<group>"; };
		884C02A42B98398B00D695D7 /* FinishedBidView.swift */ = {isa = PBXFileReference; lastKnownFileType = sourcecode.swift; path = FinishedBidView.swift; sourceTree = "<group>"; };
		88734E4D2B72B31D00A1DB7F /* WorkCard.swift */ = {isa = PBXFileReference; lastKnownFileType = sourcecode.swift; path = WorkCard.swift; sourceTree = "<group>"; };
		8886C25B2B91303F0029A3AB /* FirebaseDataModel.swift */ = {isa = PBXFileReference; lastKnownFileType = sourcecode.swift; path = FirebaseDataModel.swift; sourceTree = "<group>"; };
		8886C2682B91AA9A0029A3AB /* GoogleService-Info.plist */ = {isa = PBXFileReference; fileEncoding = 4; lastKnownFileType = text.plist.xml; path = "GoogleService-Info.plist"; sourceTree = "<group>"; };
		8886C2C72B91CA2C0029A3AB /* Company.swift */ = {isa = PBXFileReference; lastKnownFileType = sourcecode.swift; path = Company.swift; sourceTree = "<group>"; };
		88B5A9882B7C814000B1B46D /* CompanyDetailView.swift */ = {isa = PBXFileReference; lastKnownFileType = sourcecode.swift; path = CompanyDetailView.swift; sourceTree = "<group>"; };
		88B687312B5A9DA900F49DA3 /* GulerGlobal.app */ = {isa = PBXFileReference; explicitFileType = wrapper.application; includeInIndex = 0; path = GulerGlobal.app; sourceTree = BUILT_PRODUCTS_DIR; };
		88B687342B5A9DA900F49DA3 /* GulerGlobalApp.swift */ = {isa = PBXFileReference; lastKnownFileType = sourcecode.swift; path = GulerGlobalApp.swift; sourceTree = "<group>"; };
		88B687362B5A9DA900F49DA3 /* ContentView.swift */ = {isa = PBXFileReference; lastKnownFileType = sourcecode.swift; path = ContentView.swift; sourceTree = "<group>"; };
		88B6873A2B5A9DAA00F49DA3 /* Assets.xcassets */ = {isa = PBXFileReference; lastKnownFileType = folder.assetcatalog; path = Assets.xcassets; sourceTree = "<group>"; };
		88B687522B5A9E9800F49DA3 /* BidView.swift */ = {isa = PBXFileReference; lastKnownFileType = sourcecode.swift; path = BidView.swift; sourceTree = "<group>"; };
		88C5D5162B787DFE0053A660 /* CustomTextField.swift */ = {isa = PBXFileReference; lastKnownFileType = sourcecode.swift; path = CustomTextField.swift; sourceTree = "<group>"; };
		88FD26122B68C5F400EA5E71 /* HomeView.swift */ = {isa = PBXFileReference; lastKnownFileType = sourcecode.swift; path = HomeView.swift; sourceTree = "<group>"; };
		88FD26142B68C60200EA5E71 /* ApprovedView.swift */ = {isa = PBXFileReference; lastKnownFileType = sourcecode.swift; path = ApprovedView.swift; sourceTree = "<group>"; };
		88FD26162B68C60C00EA5E71 /* ProfileView.swift */ = {isa = PBXFileReference; lastKnownFileType = sourcecode.swift; path = ProfileView.swift; sourceTree = "<group>"; };
/* End PBXFileReference section */

/* Begin PBXFrameworksBuildPhase section */
		88B6872E2B5A9DA900F49DA3 /* Frameworks */ = {
			isa = PBXFrameworksBuildPhase;
			buildActionMask = 2147483647;
			files = (
				0F44AD2D2CBEEE0E00825352 /* FirebaseAuth in Frameworks */,
				0F44AD2F2CBEEE0E00825352 /* FirebaseFirestore in Frameworks */,
			);
			runOnlyForDeploymentPostprocessing = 0;
		};
/* End PBXFrameworksBuildPhase section */

/* Begin PBXGroup section */
		0F066A7F2D1FF4310022A33C /* Helpers */ = {
			isa = PBXGroup;
			children = (
				0FEA3E682D3855DA00865284 /* Double+Extensions.swift */,
				0F2165432D25D701002726CD /* Date+Extensions.swift */,
				0F066B012D20056A0022A33C /* String+Extensions.swift */,
				0F066A822D1FF4E80022A33C /* View+Extensions.swift */,
				0FDE48062D2028B60092857F /* SwipeAction.swift */,
				0F34B1202CCCC49800A7A6F5 /* CustomDatePicker.swift */,
				88C5D5162B787DFE0053A660 /* CustomTextField.swift */,
				0F17054F2CEC4CF8002FFD19 /* BaseList.swift */,
				0F2760062C52D1FB00C87159 /* CustomPlaceHolder.swift */,
				0F423A8C2C58027000B78DC3 /* PhonePickerView.swift */,
				0F2165412D25D57D002726CD /* RoundedCorner.swift */,
				0F0B1F9C2CC856E90088C18F /* NavigationButton.swift */,
			);
			path = Helpers;
			sourceTree = "<group>";
		};
		0F27600A2C52F07500C87159 /* Detail */ = {
			isa = PBXGroup;
			children = (
				0FD9BD622D5EA5C5003F2EDD /* Entry */,
				0F9FE5762C5839DB00E3A423 /* Helper */,
				88B5A9882B7C814000B1B46D /* CompanyDetailView.swift */,
				0F4922B02CA0144000E04189 /* WorkDetailView.swift */,
				0F0B07072EA57DB700C20851 /* ProductDetailView.swift */,
			);
			path = Detail;
			sourceTree = "<group>";
		};
		0F27600E2C52F0F100C87159 /* Bid */ = {
			isa = PBXGroup;
			children = (
				88B687522B5A9E9800F49DA3 /* BidView.swift */,
			);
			path = Bid;
			sourceTree = "<group>";
		};
		0F27600F2C52F0F900C87159 /* Approved */ = {
			isa = PBXGroup;
			children = (
				88FD26142B68C60200EA5E71 /* ApprovedView.swift */,
			);
			path = Approved;
			sourceTree = "<group>";
		};
		0F9FE5762C5839DB00E3A423 /* Helper */ = {
			isa = PBXGroup;
			children = (
				0FA6EBF72D3B013900652EDB /* StatementListView.swift */,
				0F9075252D4E408200D5C2EA /* ProductListView.swift */,
				0F0B07052EA56DCF00C20851 /* WorkListView.swift */,
				0F0B07092EA5825900C20851 /* OldPricesListView.swift */,
			);
			path = Helper;
			sourceTree = "<group>";
		};
		0FD9BD622D5EA5C5003F2EDD /* Entry */ = {
			isa = PBXGroup;
			children = (
				0F4DAFB72D4E3BBC00ED8D3E /* ProductEntryView.swift */,
				0F465F742CF229A100E31FB0 /* WorkEntryView.swift */,
				0F4DAFB52D4E10B300ED8D3E /* StatementEntryView.swift */,
				0F465F682CF1B59B00E31FB0 /* CompanyEntryView.swift */,
			);
			path = Entry;
			sourceTree = "<group>";
		};
		0FE51EDE2C4A888E00239081 /* Home */ = {
			isa = PBXGroup;
			children = (
				88FD26122B68C5F400EA5E71 /* HomeView.swift */,
			);
			path = Home;
			sourceTree = "<group>";
		};
		0FE51EDF2C4A88A600239081 /* Profile */ = {
			isa = PBXGroup;
			children = (
				88FD26162B68C60C00EA5E71 /* ProfileView.swift */,
				884C02A22B98386C00D695D7 /* RejectedView.swift */,
				884C02A42B98398B00D695D7 /* FinishedBidView.swift */,
				0F2D1C042CCE0DA1002C9715 /* CurrentView.swift */,
				0F2D1C062CCE0DDB002C9715 /* SupplierView.swift */,
				0FB412CB2E9847BB0087D892 /* DebtView.swift */,
			);
			path = Profile;
			sourceTree = "<group>";
		};
		0FE51EE02C4A88C300239081 /* Login */ = {
			isa = PBXGroup;
			children = (
				0F2760082C52E4F600C87159 /* BasicEntry.swift */,
				0FE51EE62C4AEC7000239081 /* EntryView.swift */,
			);
			path = Login;
			sourceTree = "<group>";
		};
		0FE51EE82C4AECB600239081 /* Services */ = {
			isa = PBXGroup;
			children = (
				0FE51EE92C4AECCA00239081 /* UserConnection.swift */,
			);
			path = Services;
			sourceTree = "<group>";
		};
		88734E4B2B72B30100A1DB7F /* Helper */ = {
			isa = PBXGroup;
			children = (
				0FAABE182C66BCBC008CCC51 /* Extentions.swift */,
			);
			path = Helper;
			sourceTree = "<group>";
		};
		88734E4C2B72B30B00A1DB7F /* Cards */ = {
			isa = PBXGroup;
			children = (
				88734E4D2B72B31D00A1DB7F /* WorkCard.swift */,
				0F3360DD2C67E91900D53A7D /* ProductCard.swift */,
				0F32DF2D2CA8C36300090277 /* CompanyCard.swift */,
				8834CC212B7F885800EB416A /* ChartCard.swift */,
				0F0B070B2EA582AF00C20851 /* OldPricesCard.swift */,
				0F0B070D2EA582DF00C20851 /* StatementCard.swift */,
			);
			path = Cards;
			sourceTree = "<group>";
		};
		8886C2C62B91CA1A0029A3AB /* Model */ = {
			isa = PBXGroup;
			children = (
				8886C2C72B91CA2C0029A3AB /* Company.swift */,
				0F2D1C0C2CCE1A32002C9715 /* Tracking.swift */,
				0F465F6C2CF1B90D00E31FB0 /* Work.swift */,
				0F465F702CF1B95500E31FB0 /* Product.swift */,
				0F465F722CF1B96C00E31FB0 /* Statement.swift */,
			);
			path = Model;
			sourceTree = "<group>";
		};
		88B687282B5A9DA900F49DA3 = {
			isa = PBXGroup;
			children = (
				88B687332B5A9DA900F49DA3 /* GulerGlobal */,
				88B687322B5A9DA900F49DA3 /* Products */,
			);
			sourceTree = "<group>";
		};
		88B687322B5A9DA900F49DA3 /* Products */ = {
			isa = PBXGroup;
			children = (
				88B687312B5A9DA900F49DA3 /* GulerGlobal.app */,
			);
			name = Products;
			sourceTree = "<group>";
		};
		88B687332B5A9DA900F49DA3 /* GulerGlobal */ = {
			isa = PBXGroup;
			children = (
				0F066A7F2D1FF4310022A33C /* Helpers */,
				0FE51EE82C4AECB600239081 /* Services */,
				88B687442B5A9DCE00F49DA3 /* ViewModel */,
				8886C2C62B91CA1A0029A3AB /* Model */,
				88B6874C2B5A9E2400F49DA3 /* View */,
				88B687342B5A9DA900F49DA3 /* GulerGlobalApp.swift */,
				8886C2682B91AA9A0029A3AB /* GoogleService-Info.plist */,
				0FBE522C2C5D563000D5C557 /* Info.plist */,
				88B6873A2B5A9DAA00F49DA3 /* Assets.xcassets */,
			);
			path = GulerGlobal;
			sourceTree = "<group>";
		};
		88B687442B5A9DCE00F49DA3 /* ViewModel */ = {
			isa = PBXGroup;
			children = (
				8886C25B2B91303F0029A3AB /* FirebaseDataModel.swift */,
				0FE51EEB2C4AED6A00239081 /* EntryViewModel.swift */,
				0F3CB78F2C8DE65000CC8717 /* MainViewModel.swift */,
			);
			path = ViewModel;
			sourceTree = "<group>";
		};
		88B6874C2B5A9E2400F49DA3 /* View */ = {
			isa = PBXGroup;
			children = (
				88734E4C2B72B30B00A1DB7F /* Cards */,
				0F27600F2C52F0F900C87159 /* Approved */,
				0F27600E2C52F0F100C87159 /* Bid */,
				0F27600A2C52F07500C87159 /* Detail */,
				0FE51EE02C4A88C300239081 /* Login */,
				0FE51EDF2C4A88A600239081 /* Profile */,
				0FE51EDE2C4A888E00239081 /* Home */,
				88734E4B2B72B30100A1DB7F /* Helper */,
				88B687362B5A9DA900F49DA3 /* ContentView.swift */,
				0FE51EED2C4AEE3D00239081 /* CustomTabBar.swift */,
			);
			path = View;
			sourceTree = "<group>";
		};
/* End PBXGroup section */

/* Begin PBXNativeTarget section */
		88B687302B5A9DA900F49DA3 /* GulerGlobal */ = {
			isa = PBXNativeTarget;
			buildConfigurationList = 88B687412B5A9DAA00F49DA3 /* Build configuration list for PBXNativeTarget "GulerGlobal" */;
			buildPhases = (
				88B6872D2B5A9DA900F49DA3 /* Sources */,
				88B6872E2B5A9DA900F49DA3 /* Frameworks */,
				88B6872F2B5A9DA900F49DA3 /* Resources */,
				0F6AA17F2D01104E009889A1 /* Embed Foundation Extensions */,
			);
			buildRules = (
			);
			dependencies = (
			);
			name = GulerGlobal;
			productName = GulerGlobal;
			productReference = 88B687312B5A9DA900F49DA3 /* GulerGlobal.app */;
			productType = "com.apple.product-type.application";
		};
/* End PBXNativeTarget section */

/* Begin PBXProject section */
		88B687292B5A9DA900F49DA3 /* Project object */ = {
			isa = PBXProject;
			attributes = {
				BuildIndependentTargetsInParallel = 1;
				LastSwiftUpdateCheck = 1610;
				LastUpgradeCheck = 1600;
				TargetAttributes = {
					88B687302B5A9DA900F49DA3 = {
						CreatedOnToolsVersion = 15.2;
					};
				};
			};
			buildConfigurationList = 88B6872C2B5A9DA900F49DA3 /* Build configuration list for PBXProject "GulerGlobal" */;
			compatibilityVersion = "Xcode 14.0";
			developmentRegion = en;
			hasScannedForEncodings = 0;
			knownRegions = (
				en,
				Base,
			);
			mainGroup = 88B687282B5A9DA900F49DA3;
			packageReferences = (
				0F597ED42CBC722C0079F4CA /* XCRemoteSwiftPackageReference "firebase-ios-sdk" */,
			);
			productRefGroup = 88B687322B5A9DA900F49DA3 /* Products */;
			projectDirPath = "";
			projectRoot = "";
			targets = (
				88B687302B5A9DA900F49DA3 /* GulerGlobal */,
			);
		};
/* End PBXProject section */

/* Begin PBXResourcesBuildPhase section */
		88B6872F2B5A9DA900F49DA3 /* Resources */ = {
			isa = PBXResourcesBuildPhase;
			buildActionMask = 2147483647;
			files = (
				88B6873B2B5A9DAA00F49DA3 /* Assets.xcassets in Resources */,
				8886C2692B91AA9A0029A3AB /* GoogleService-Info.plist in Resources */,
			);
			runOnlyForDeploymentPostprocessing = 0;
		};
/* End PBXResourcesBuildPhase section */

/* Begin PBXSourcesBuildPhase section */
		88B6872D2B5A9DA900F49DA3 /* Sources */ = {
			isa = PBXSourcesBuildPhase;
			buildActionMask = 2147483647;
			files = (
				0FA6EBF82D3B013900652EDB /* StatementListView.swift in Sources */,
				0F3CB7902C8DE65000CC8717 /* MainViewModel.swift in Sources */,
				88FD26132B68C5F400EA5E71 /* HomeView.swift in Sources */,
				0F2165442D25D70C002726CD /* Date+Extensions.swift in Sources */,
				88B687372B5A9DA900F49DA3 /* ContentView.swift in Sources */,
				0F4DAFB62D4E10B300ED8D3E /* StatementEntryView.swift in Sources */,
				0F066B022D2005700022A33C /* String+Extensions.swift in Sources */,
				0F2760092C52E4F600C87159 /* BasicEntry.swift in Sources */,
				0F2D1C072CCE0DDB002C9715 /* SupplierView.swift in Sources */,
				0F0B07062EA56DCF00C20851 /* WorkListView.swift in Sources */,
				0F2D1C0D2CCE1A32002C9715 /* Tracking.swift in Sources */,
				0F32DF2E2CA8C36300090277 /* CompanyCard.swift in Sources */,
				0F465F732CF1B96C00E31FB0 /* Statement.swift in Sources */,
				0F465F692CF1B59B00E31FB0 /* CompanyEntryView.swift in Sources */,
				88B5A9892B7C814000B1B46D /* CompanyDetailView.swift in Sources */,
				0F4DAFB82D4E3BBC00ED8D3E /* ProductEntryView.swift in Sources */,
				0FDE48072D2028B60092857F /* SwipeAction.swift in Sources */,
				0F066A832D1FF4E90022A33C /* View+Extensions.swift in Sources */,
				0F2D1C052CCE0DA1002C9715 /* CurrentView.swift in Sources */,
				0F465F752CF229A100E31FB0 /* WorkEntryView.swift in Sources */,
				0F1705502CEC4CF8002FFD19 /* BaseList.swift in Sources */,
				0F0B07082EA57DB700C20851 /* ProductDetailView.swift in Sources */,
				88B687532B5A9E9800F49DA3 /* BidView.swift in Sources */,
				88FD26172B68C60C00EA5E71 /* ProfileView.swift in Sources */,
				8834CC222B7F885800EB416A /* ChartCard.swift in Sources */,
				884C02A52B98398B00D695D7 /* FinishedBidView.swift in Sources */,
				0F0B1F9D2CC856E90088C18F /* NavigationButton.swift in Sources */,
				0FB412CC2E9847BB0087D892 /* DebtView.swift in Sources */,
				0F2165422D25D580002726CD /* RoundedCorner.swift in Sources */,
				0F34B1212CCCC49900A7A6F5 /* CustomDatePicker.swift in Sources */,
				0FE51EEE2C4AEE3D00239081 /* CustomTabBar.swift in Sources */,
				0F465F6D2CF1B90D00E31FB0 /* Work.swift in Sources */,
				0FE51EEA2C4AECCA00239081 /* UserConnection.swift in Sources */,
				0F2760072C52D1FB00C87159 /* CustomPlaceHolder.swift in Sources */,
				8886C25C2B91303F0029A3AB /* FirebaseDataModel.swift in Sources */,
				88FD26152B68C60200EA5E71 /* ApprovedView.swift in Sources */,
				884C02A32B98386C00D695D7 /* RejectedView.swift in Sources */,
				88B687352B5A9DA900F49DA3 /* GulerGlobalApp.swift in Sources */,
				0F465F712CF1B95500E31FB0 /* Product.swift in Sources */,
				88C5D5172B787DFE0053A660 /* CustomTextField.swift in Sources */,
				0F0B070A2EA5825900C20851 /* OldPricesListView.swift in Sources */,
				0F4922B12CA0144000E04189 /* WorkDetailView.swift in Sources */,
				0F0B070E2EA582DF00C20851 /* StatementCard.swift in Sources */,
				0FAABE192C66BCBC008CCC51 /* Extentions.swift in Sources */,
				88734E4E2B72B31D00A1DB7F /* WorkCard.swift in Sources */,
				8886C2C82B91CA2C0029A3AB /* Company.swift in Sources */,
				0FEA3E692D3855DD00865284 /* Double+Extensions.swift in Sources */,
				0F423A8D2C58027000B78DC3 /* PhonePickerView.swift in Sources */,
				0FE51EE72C4AEC7100239081 /* EntryView.swift in Sources */,
				0FE51EEC2C4AED6A00239081 /* EntryViewModel.swift in Sources */,
				0F0B070C2EA582AF00C20851 /* OldPricesCard.swift in Sources */,
				0F9075262D4E408200D5C2EA /* ProductListView.swift in Sources */,
				0F3360DE2C67E91900D53A7D /* ProductCard.swift in Sources */,
			);
			runOnlyForDeploymentPostprocessing = 0;
		};
/* End PBXSourcesBuildPhase section */

/* Begin XCBuildConfiguration section */
		88B6873F2B5A9DAA00F49DA3 /* Debug */ = {
			isa = XCBuildConfiguration;
			buildSettings = {
				ALWAYS_SEARCH_USER_PATHS = NO;
				ASSETCATALOG_COMPILER_GENERATE_SWIFT_ASSET_SYMBOL_EXTENSIONS = YES;
				CLANG_ANALYZER_NONNULL = YES;
				CLANG_ANALYZER_NUMBER_OBJECT_CONVERSION = YES_AGGRESSIVE;
				CLANG_CXX_LANGUAGE_STANDARD = "gnu++20";
				CLANG_ENABLE_MODULES = YES;
				CLANG_ENABLE_OBJC_ARC = YES;
				CLANG_ENABLE_OBJC_WEAK = YES;
				CLANG_WARN_BLOCK_CAPTURE_AUTORELEASING = YES;
				CLANG_WARN_BOOL_CONVERSION = YES;
				CLANG_WARN_COMMA = YES;
				CLANG_WARN_CONSTANT_CONVERSION = YES;
				CLANG_WARN_DEPRECATED_OBJC_IMPLEMENTATIONS = YES;
				CLANG_WARN_DIRECT_OBJC_ISA_USAGE = YES_ERROR;
				CLANG_WARN_DOCUMENTATION_COMMENTS = YES;
				CLANG_WARN_EMPTY_BODY = YES;
				CLANG_WARN_ENUM_CONVERSION = YES;
				CLANG_WARN_INFINITE_RECURSION = YES;
				CLANG_WARN_INT_CONVERSION = YES;
				CLANG_WARN_NON_LITERAL_NULL_CONVERSION = YES;
				CLANG_WARN_OBJC_IMPLICIT_RETAIN_SELF = YES;
				CLANG_WARN_OBJC_LITERAL_CONVERSION = YES;
				CLANG_WARN_OBJC_ROOT_CLASS = YES_ERROR;
				CLANG_WARN_QUOTED_INCLUDE_IN_FRAMEWORK_HEADER = YES;
				CLANG_WARN_RANGE_LOOP_ANALYSIS = YES;
				CLANG_WARN_STRICT_PROTOTYPES = YES;
				CLANG_WARN_SUSPICIOUS_MOVE = YES;
				CLANG_WARN_UNGUARDED_AVAILABILITY = YES_AGGRESSIVE;
				CLANG_WARN_UNREACHABLE_CODE = YES;
				CLANG_WARN__DUPLICATE_METHOD_MATCH = YES;
				COPY_PHASE_STRIP = NO;
				DEBUG_INFORMATION_FORMAT = dwarf;
				ENABLE_STRICT_OBJC_MSGSEND = YES;
				ENABLE_TESTABILITY = YES;
				ENABLE_USER_SCRIPT_SANDBOXING = YES;
				GCC_C_LANGUAGE_STANDARD = gnu17;
				GCC_DYNAMIC_NO_PIC = NO;
				GCC_NO_COMMON_BLOCKS = YES;
				GCC_OPTIMIZATION_LEVEL = 0;
				GCC_PREPROCESSOR_DEFINITIONS = (
					"DEBUG=1",
					"$(inherited)",
				);
				GCC_WARN_64_TO_32_BIT_CONVERSION = YES;
				GCC_WARN_ABOUT_RETURN_TYPE = YES_ERROR;
				GCC_WARN_UNDECLARED_SELECTOR = YES;
				GCC_WARN_UNINITIALIZED_AUTOS = YES_AGGRESSIVE;
				GCC_WARN_UNUSED_FUNCTION = YES;
				GCC_WARN_UNUSED_VARIABLE = YES;
				IPHONEOS_DEPLOYMENT_TARGET = 18.0;
				LOCALIZATION_PREFERS_STRING_CATALOGS = YES;
				MTL_ENABLE_DEBUG_INFO = INCLUDE_SOURCE;
				MTL_FAST_MATH = YES;
				ONLY_ACTIVE_ARCH = YES;
				SDKROOT = iphoneos;
				SWIFT_ACTIVE_COMPILATION_CONDITIONS = "DEBUG $(inherited)";
				SWIFT_OPTIMIZATION_LEVEL = "-Onone";
			};
			name = Debug;
		};
		88B687402B5A9DAA00F49DA3 /* Release */ = {
			isa = XCBuildConfiguration;
			buildSettings = {
				ALWAYS_SEARCH_USER_PATHS = NO;
				ASSETCATALOG_COMPILER_GENERATE_SWIFT_ASSET_SYMBOL_EXTENSIONS = YES;
				CLANG_ANALYZER_NONNULL = YES;
				CLANG_ANALYZER_NUMBER_OBJECT_CONVERSION = YES_AGGRESSIVE;
				CLANG_CXX_LANGUAGE_STANDARD = "gnu++20";
				CLANG_ENABLE_MODULES = YES;
				CLANG_ENABLE_OBJC_ARC = YES;
				CLANG_ENABLE_OBJC_WEAK = YES;
				CLANG_WARN_BLOCK_CAPTURE_AUTORELEASING = YES;
				CLANG_WARN_BOOL_CONVERSION = YES;
				CLANG_WARN_COMMA = YES;
				CLANG_WARN_CONSTANT_CONVERSION = YES;
				CLANG_WARN_DEPRECATED_OBJC_IMPLEMENTATIONS = YES;
				CLANG_WARN_DIRECT_OBJC_ISA_USAGE = YES_ERROR;
				CLANG_WARN_DOCUMENTATION_COMMENTS = YES;
				CLANG_WARN_EMPTY_BODY = YES;
				CLANG_WARN_ENUM_CONVERSION = YES;
				CLANG_WARN_INFINITE_RECURSION = YES;
				CLANG_WARN_INT_CONVERSION = YES;
				CLANG_WARN_NON_LITERAL_NULL_CONVERSION = YES;
				CLANG_WARN_OBJC_IMPLICIT_RETAIN_SELF = YES;
				CLANG_WARN_OBJC_LITERAL_CONVERSION = YES;
				CLANG_WARN_OBJC_ROOT_CLASS = YES_ERROR;
				CLANG_WARN_QUOTED_INCLUDE_IN_FRAMEWORK_HEADER = YES;
				CLANG_WARN_RANGE_LOOP_ANALYSIS = YES;
				CLANG_WARN_STRICT_PROTOTYPES = YES;
				CLANG_WARN_SUSPICIOUS_MOVE = YES;
				CLANG_WARN_UNGUARDED_AVAILABILITY = YES_AGGRESSIVE;
				CLANG_WARN_UNREACHABLE_CODE = YES;
				CLANG_WARN__DUPLICATE_METHOD_MATCH = YES;
				COPY_PHASE_STRIP = NO;
				DEBUG_INFORMATION_FORMAT = "dwarf-with-dsym";
				ENABLE_NS_ASSERTIONS = NO;
				ENABLE_STRICT_OBJC_MSGSEND = YES;
				ENABLE_USER_SCRIPT_SANDBOXING = YES;
				GCC_C_LANGUAGE_STANDARD = gnu17;
				GCC_NO_COMMON_BLOCKS = YES;
				GCC_WARN_64_TO_32_BIT_CONVERSION = YES;
				GCC_WARN_ABOUT_RETURN_TYPE = YES_ERROR;
				GCC_WARN_UNDECLARED_SELECTOR = YES;
				GCC_WARN_UNINITIALIZED_AUTOS = YES_AGGRESSIVE;
				GCC_WARN_UNUSED_FUNCTION = YES;
				GCC_WARN_UNUSED_VARIABLE = YES;
				IPHONEOS_DEPLOYMENT_TARGET = 18.0;
				LOCALIZATION_PREFERS_STRING_CATALOGS = YES;
				MTL_ENABLE_DEBUG_INFO = NO;
				MTL_FAST_MATH = YES;
				SDKROOT = iphoneos;
				SWIFT_COMPILATION_MODE = wholemodule;
				VALIDATE_PRODUCT = YES;
			};
			name = Release;
		};
		88B687422B5A9DAA00F49DA3 /* Debug */ = {
			isa = XCBuildConfiguration;
			buildSettings = {
				ASSETCATALOG_COMPILER_APPICON_NAME = AppIcon;
				ASSETCATALOG_COMPILER_GLOBAL_ACCENT_COLOR_NAME = AccentColor;
				ASSETCATALOG_OTHER_FLAGS = "$(inherited)";
				CLANG_WARN_QUOTED_INCLUDE_IN_FRAMEWORK_HEADER = "$(inherited)";
				CODE_SIGN_STYLE = Automatic;
				CURRENT_PROJECT_VERSION = 1;
				DEVELOPMENT_ASSET_PATHS = "\"GulerGlobal/Preview Content\"";
				DEVELOPMENT_TEAM = 73LHC27R23;
				ENABLE_PREVIEWS = YES;
				ENABLE_USER_SCRIPT_SANDBOXING = NO;
				GENERATE_INFOPLIST_FILE = YES;
				INFOPLIST_FILE = GulerGlobal/Info.plist;
				INFOPLIST_KEY_CFBundleDisplayName = "Guler Global";
				INFOPLIST_KEY_LSApplicationCategoryType = "public.app-category.business";
				INFOPLIST_KEY_NSContactsUsageDescription = "app use contacts";
				INFOPLIST_KEY_UIApplicationSceneManifest_Generation = YES;
				INFOPLIST_KEY_UIApplicationSupportsIndirectInputEvents = YES;
				INFOPLIST_KEY_UILaunchScreen_Generation = YES;
				INFOPLIST_KEY_UISupportedInterfaceOrientations = UIInterfaceOrientationPortrait;
				INFOPLIST_KEY_UISupportedInterfaceOrientations_iPad = "UIInterfaceOrientationLandscapeLeft UIInterfaceOrientationLandscapeRight UIInterfaceOrientationPortrait UIInterfaceOrientationPortraitUpsideDown";
				IPHONEOS_DEPLOYMENT_TARGET = 26.0;
				LD_RUNPATH_SEARCH_PATHS = (
					"$(inherited)",
					"@executable_path/Frameworks",
				);
				MARKETING_VERSION = 2.0;
				OTHER_LDFLAGS = (
					"$(inherited)",
					"-Xlinker",
					"-no_warn_duplicate_libraries",
				);
				PRODUCT_BUNDLE_IDENTIFIER = devibrahimglr.GulerGlobal;
				PRODUCT_NAME = "$(TARGET_NAME)";
				SWIFT_EMIT_LOC_STRINGS = YES;
				SWIFT_VERSION = 5.0;
				TARGETED_DEVICE_FAMILY = "1,2";
			};
			name = Debug;
		};
		88B687432B5A9DAA00F49DA3 /* Release */ = {
			isa = XCBuildConfiguration;
			buildSettings = {
				ASSETCATALOG_COMPILER_APPICON_NAME = AppIcon;
				ASSETCATALOG_COMPILER_GLOBAL_ACCENT_COLOR_NAME = AccentColor;
				ASSETCATALOG_OTHER_FLAGS = "$(inherited)";
				CLANG_WARN_QUOTED_INCLUDE_IN_FRAMEWORK_HEADER = "$(inherited)";
				CODE_SIGN_STYLE = Automatic;
				CURRENT_PROJECT_VERSION = 1;
				DEVELOPMENT_ASSET_PATHS = "\"GulerGlobal/Preview Content\"";
				DEVELOPMENT_TEAM = 73LHC27R23;
				ENABLE_PREVIEWS = YES;
				ENABLE_USER_SCRIPT_SANDBOXING = NO;
				GENERATE_INFOPLIST_FILE = YES;
				INFOPLIST_FILE = GulerGlobal/Info.plist;
				INFOPLIST_KEY_CFBundleDisplayName = "Guler Global";
				INFOPLIST_KEY_LSApplicationCategoryType = "public.app-category.business";
				INFOPLIST_KEY_NSContactsUsageDescription = "app use contacts";
				INFOPLIST_KEY_UIApplicationSceneManifest_Generation = YES;
				INFOPLIST_KEY_UIApplicationSupportsIndirectInputEvents = YES;
				INFOPLIST_KEY_UILaunchScreen_Generation = YES;
				INFOPLIST_KEY_UISupportedInterfaceOrientations = UIInterfaceOrientationPortrait;
				INFOPLIST_KEY_UISupportedInterfaceOrientations_iPad = "UIInterfaceOrientationLandscapeLeft UIInterfaceOrientationLandscapeRight UIInterfaceOrientationPortrait UIInterfaceOrientationPortraitUpsideDown";
				IPHONEOS_DEPLOYMENT_TARGET = 26.0;
				LD_RUNPATH_SEARCH_PATHS = (
					"$(inherited)",
					"@executable_path/Frameworks",
				);
				MARKETING_VERSION = 2.0;
				OTHER_LDFLAGS = (
					"$(inherited)",
					"-Xlinker",
					"-no_warn_duplicate_libraries",
				);
				PRODUCT_BUNDLE_IDENTIFIER = devibrahimglr.GulerGlobal;
				PRODUCT_NAME = "$(TARGET_NAME)";
				SWIFT_EMIT_LOC_STRINGS = YES;
				SWIFT_VERSION = 5.0;
				TARGETED_DEVICE_FAMILY = "1,2";
			};
			name = Release;
		};
/* End XCBuildConfiguration section */

/* Begin XCConfigurationList section */
		88B6872C2B5A9DA900F49DA3 /* Build configuration list for PBXProject "GulerGlobal" */ = {
			isa = XCConfigurationList;
			buildConfigurations = (
				88B6873F2B5A9DAA00F49DA3 /* Debug */,
				88B687402B5A9DAA00F49DA3 /* Release */,
			);
			defaultConfigurationIsVisible = 0;
			defaultConfigurationName = Release;
		};
		88B687412B5A9DAA00F49DA3 /* Build configuration list for PBXNativeTarget "GulerGlobal" */ = {
			isa = XCConfigurationList;
			buildConfigurations = (
				88B687422B5A9DAA00F49DA3 /* Debug */,
				88B687432B5A9DAA00F49DA3 /* Release */,
			);
			defaultConfigurationIsVisible = 0;
			defaultConfigurationName = Release;
		};
/* End XCConfigurationList section */

/* Begin XCRemoteSwiftPackageReference section */
		0F597ED42CBC722C0079F4CA /* XCRemoteSwiftPackageReference "firebase-ios-sdk" */ = {
			isa = XCRemoteSwiftPackageReference;
			repositoryURL = "https://github.com/firebase/firebase-ios-sdk.git";
			requirement = {
				kind = upToNextMajorVersion;
				minimumVersion = 11.3.0;
			};
		};
/* End XCRemoteSwiftPackageReference section */

/* Begin XCSwiftPackageProductDependency section */
		0F44AD2C2CBEEE0E00825352 /* FirebaseAuth */ = {
			isa = XCSwiftPackageProductDependency;
			package = 0F597ED42CBC722C0079F4CA /* XCRemoteSwiftPackageReference "firebase-ios-sdk" */;
			productName = FirebaseAuth;
		};
		0F44AD2E2CBEEE0E00825352 /* FirebaseFirestore */ = {
			isa = XCSwiftPackageProductDependency;
			package = 0F597ED42CBC722C0079F4CA /* XCRemoteSwiftPackageReference "firebase-ios-sdk" */;
			productName = FirebaseFirestore;
		};
/* End XCSwiftPackageProductDependency section */
	};
	rootObject = 88B687292B5A9DA900F49DA3 /* Project object */;
}
